
Microsoft Visual Studio Solution File, Format Version 12.00
# Visual Studio Version 17
VisualStudioVersion = 17.9.34728.123
MinimumVisualStudioVersion = 10.0.40219.1
Project("{FAE04EC0-301F-11D3-BF4B-00C04F79EFBC}") = "NUnit", "NUnit\NUnit.csproj", "{FCDB7EC6-AE75-4A3A-8478-AB9CDBD7C049}"
EndProject
Project("{FAE04EC0-301F-11D3-BF4B-00C04F79EFBC}") = "TestClass", "TestClass\TestClass.csproj", "{CFB941A7-6788-47E9-939A-6674BD9A986E}"
EndProject
Global
	GlobalSection(SolutionConfigurationPlatforms) = preSolution
		Debug|Any CPU = Debug|Any CPU
		Release|Any CPU = Release|Any CPU
	EndGlobalSection
	GlobalSection(ProjectConfigurationPlatforms) = postSolution
		{FCDB7EC6-AE75-4A3A-8478-AB9CDBD7C049}.Debug|Any CPU.ActiveCfg = Debug|Any CPU
		{FCDB7EC6-AE75-4A3A-8478-AB9CDBD7C049}.Debug|Any CPU.Build.0 = Debug|Any CPU
		{FCDB7EC6-AE75-4A3A-8478-AB9CDBD7C049}.Release|Any CPU.ActiveCfg = Release|Any CPU
		{FCDB7EC6-AE75-4A3A-8478-AB9CDBD7C049}.Release|Any CPU.Build.0 = Release|Any CPU
		{CFB941A7-6788-47E9-939A-6674BD9A986E}.Debug|Any CPU.ActiveCfg = Debug|Any CPU
		{CFB941A7-6788-47E9-939A-6674BD9A986E}.Debug|Any CPU.Build.0 = Debug|Any CPU
		{CFB941A7-6788-47E9-939A-6674BD9A986E}.Release|Any CPU.ActiveCfg = Release|Any CPU
		{CFB941A7-6788-47E9-939A-6674BD9A986E}.Release|Any CPU.Build.0 = Release|Any CPU
	EndGlobalSection
	GlobalSection(SolutionProperties) = preSolution
		HideSolutionNode = FALSE
	EndGlobalSection
	GlobalSection(ExtensibilityGlobals) = postSolution
		SolutionGuid = {E8E1875D-47ED-41F9-9DE2-C98F211D5BCA}
	EndGlobalSection
EndGlobal
